
Microsoft Visual Studio Solution File, Format Version 12.00
# Visual Studio Version 17
VisualStudioVersion = 17.5.33516.290
MinimumVisualStudioVersion = 10.0.40219.1
Project("{FAE04EC0-301F-11D3-BF4B-00C04F79EFBC}") = "Core", "Core\Core.csproj", "{4F91784B-2BE5-44C2-9890-728E48AE73AD}"
EndProject
Project("{FAE04EC0-301F-11D3-BF4B-00C04F79EFBC}") = "Entites", "Entites\Entites.csproj", "{06C0CA57-D98A-4CFC-A750-840B7ADC670F}"
EndProject
Project("{FAE04EC0-301F-11D3-BF4B-00C04F79EFBC}") = "Business", "Business\Business.csproj", "{6C93ED85-D1C4-4468-BF95-4FED12F935A4}"
EndProject
Project("{FAE04EC0-301F-11D3-BF4B-00C04F79EFBC}") = "DataAccess", "DataAccess\DataAccess.csproj", "{866B8237-2662-4007-8E45-64ECC0AE860F}"
EndProject
Project("{FAE04EC0-301F-11D3-BF4B-00C04F79EFBC}") = "WebAPI", "WebAPI\WebAPI.csproj", "{2075C4C3-AE89-4A6F-A986-8A43C4C57163}"
EndProject
Global
	GlobalSection(SolutionConfigurationPlatforms) = preSolution
		Debug|Any CPU = Debug|Any CPU
		Release|Any CPU = Release|Any CPU
	EndGlobalSection
	GlobalSection(ProjectConfigurationPlatforms) = postSolution
		{4F91784B-2BE5-44C2-9890-728E48AE73AD}.Debug|Any CPU.ActiveCfg = Debug|Any CPU
		{4F91784B-2BE5-44C2-9890-728E48AE73AD}.Debug|Any CPU.Build.0 = Debug|Any CPU
		{4F91784B-2BE5-44C2-9890-728E48AE73AD}.Release|Any CPU.ActiveCfg = Release|Any CPU
		{4F91784B-2BE5-44C2-9890-728E48AE73AD}.Release|Any CPU.Build.0 = Release|Any CPU
		{06C0CA57-D98A-4CFC-A750-840B7ADC670F}.Debug|Any CPU.ActiveCfg = Debug|Any CPU
		{06C0CA57-D98A-4CFC-A750-840B7ADC670F}.Debug|Any CPU.Build.0 = Debug|Any CPU
		{06C0CA57-D98A-4CFC-A750-840B7ADC670F}.Release|Any CPU.ActiveCfg = Release|Any CPU
		{06C0CA57-D98A-4CFC-A750-840B7ADC670F}.Release|Any CPU.Build.0 = Release|Any CPU
		{6C93ED85-D1C4-4468-BF95-4FED12F935A4}.Debug|Any CPU.ActiveCfg = Debug|Any CPU
		{6C93ED85-D1C4-4468-BF95-4FED12F935A4}.Debug|Any CPU.Build.0 = Debug|Any CPU
		{6C93ED85-D1C4-4468-BF95-4FED12F935A4}.Release|Any CPU.ActiveCfg = Release|Any CPU
		{6C93ED85-D1C4-4468-BF95-4FED12F935A4}.Release|Any CPU.Build.0 = Release|Any CPU
		{866B8237-2662-4007-8E45-64ECC0AE860F}.Debug|Any CPU.ActiveCfg = Debug|Any CPU
		{866B8237-2662-4007-8E45-64ECC0AE860F}.Debug|Any CPU.Build.0 = Debug|Any CPU
		{866B8237-2662-4007-8E45-64ECC0AE860F}.Release|Any CPU.ActiveCfg = Release|Any CPU
		{866B8237-2662-4007-8E45-64ECC0AE860F}.Release|Any CPU.Build.0 = Release|Any CPU
		{2075C4C3-AE89-4A6F-A986-8A43C4C57163}.Debug|Any CPU.ActiveCfg = Debug|Any CPU
		{2075C4C3-AE89-4A6F-A986-8A43C4C57163}.Debug|Any CPU.Build.0 = Debug|Any CPU
		{2075C4C3-AE89-4A6F-A986-8A43C4C57163}.Release|Any CPU.ActiveCfg = Release|Any CPU
		{2075C4C3-AE89-4A6F-A986-8A43C4C57163}.Release|Any CPU.Build.0 = Release|Any CPU
	EndGlobalSection
	GlobalSection(SolutionProperties) = preSolution
		HideSolutionNode = FALSE
	EndGlobalSection
	GlobalSection(ExtensibilityGlobals) = postSolution
		SolutionGuid = {3F0BB326-A98B-49F8-8F0B-7B16AB779438}
	EndGlobalSection
EndGlobal
